
Microsoft Visual Studio Solution File, Format Version 12.00
Project("{FAE04EC0-301F-11D3-BF4B-00C04F79EFBC}") = "Projeto_2024", "Projeto_2024\Projeto_2024.csproj", "{867A1954-2E6A-441F-98B4-0763BD8E5974}"
EndProject
Global
	GlobalSection(SolutionConfigurationPlatforms) = preSolution
		Debug|Any CPU = Debug|Any CPU
		Release|Any CPU = Release|Any CPU
	EndGlobalSection
	GlobalSection(ProjectConfigurationPlatforms) = postSolution
		{867A1954-2E6A-441F-98B4-0763BD8E5974}.Debug|Any CPU.ActiveCfg = Debug|Any CPU
		{867A1954-2E6A-441F-98B4-0763BD8E5974}.Debug|Any CPU.Build.0 = Debug|Any CPU
		{867A1954-2E6A-441F-98B4-0763BD8E5974}.Release|Any CPU.ActiveCfg = Release|Any CPU
		{867A1954-2E6A-441F-98B4-0763BD8E5974}.Release|Any CPU.Build.0 = Release|Any CPU
	EndGlobalSection
EndGlobal
